// !$*UTF8*$!
{
	archiveVersion = 1;
	classes = {
	};
	objectVersion = 48;
	objects = {

/* Begin PBXBuildFile section */
		8BCCE2931F845BC500440D03 /* AppDelegate.swift in Sources */ = {isa = PBXBuildFile; fileRef = 8BCCE2921F845BC500440D03 /* AppDelegate.swift */; };
		8BCCE2951F845BC500440D03 /* ViewController.swift in Sources */ = {isa = PBXBuildFile; fileRef = 8BCCE2941F845BC500440D03 /* ViewController.swift */; };
		8BCCE2981F845BC500440D03 /* Main.storyboard in Resources */ = {isa = PBXBuildFile; fileRef = 8BCCE2961F845BC500440D03 /* Main.storyboard */; };
		8BCCE29A1F845BC500440D03 /* Assets.xcassets in Resources */ = {isa = PBXBuildFile; fileRef = 8BCCE2991F845BC500440D03 /* Assets.xcassets */; };
		8BCCE29D1F845BC500440D03 /* LaunchScreen.storyboard in Resources */ = {isa = PBXBuildFile; fileRef = 8BCCE29B1F845BC500440D03 /* LaunchScreen.storyboard */; };
		8BCCE2A81F845BC500440D03 /* Research_Matching_AppTests.swift in Sources */ = {isa = PBXBuildFile; fileRef = 8BCCE2A71F845BC500440D03 /* Research_Matching_AppTests.swift */; };
		8BCCE2B31F845BC500440D03 /* Research_Matching_AppUITests.swift in Sources */ = {isa = PBXBuildFile; fileRef = 8BCCE2B21F845BC500440D03 /* Research_Matching_AppUITests.swift */; };
/* End PBXBuildFile section */

/* Begin PBXContainerItemProxy section */
		8BCCE2A41F845BC500440D03 /* PBXContainerItemProxy */ = {
			isa = PBXContainerItemProxy;
			containerPortal = 8BCCE2871F845BC500440D03 /* Project object */;
			proxyType = 1;
			remoteGlobalIDString = 8BCCE28E1F845BC500440D03;
			remoteInfo = "Research Matching App";
		};
		8BCCE2AF1F845BC500440D03 /* PBXContainerItemProxy */ = {
			isa = PBXContainerItemProxy;
			containerPortal = 8BCCE2871F845BC500440D03 /* Project object */;
			proxyType = 1;
			remoteGlobalIDString = 8BCCE28E1F845BC500440D03;
			remoteInfo = "Research Matching App";
		};
/* End PBXContainerItemProxy section */

/* Begin PBXFileReference section */
		8B7E634C1F8462BE0085A555 /* PIPER_Logo.png */ = {isa = PBXFileReference; lastKnownFileType = image.png; path = PIPER_Logo.png; sourceTree = "<group>"; };
		8B7E634F1F846E690085A555 /* temp_background.jpg */ = {isa = PBXFileReference; lastKnownFileType = image.jpeg; path = temp_background.jpg; sourceTree = "<group>"; };
		8B7E63501F8473C40085A555 /* temp_Logo.png */ = {isa = PBXFileReference; lastKnownFileType = image.png; path = temp_Logo.png; sourceTree = "<group>"; };
		8B7E63511F8477C60085A555 /* PIPER_Logo_PS.png */ = {isa = PBXFileReference; lastKnownFileType = image.png; path = PIPER_Logo_PS.png; sourceTree = "<group>"; };
		8BCCE28F1F845BC500440D03 /* Research Matching App.app */ = {isa = PBXFileReference; explicitFileType = wrapper.application; includeInIndex = 0; path = "Research Matching App.app"; sourceTree = BUILT_PRODUCTS_DIR; };
		8BCCE2921F845BC500440D03 /* AppDelegate.swift */ = {isa = PBXFileReference; lastKnownFileType = sourcecode.swift; path = AppDelegate.swift; sourceTree = "<group>"; };
		8BCCE2941F845BC500440D03 /* ViewController.swift */ = {isa = PBXFileReference; lastKnownFileType = sourcecode.swift; path = ViewController.swift; sourceTree = "<group>"; };
		8BCCE2971F845BC500440D03 /* Base */ = {isa = PBXFileReference; lastKnownFileType = file.storyboard; name = Base; path = Base.lproj/Main.storyboard; sourceTree = "<group>"; };
		8BCCE2991F845BC500440D03 /* Assets.xcassets */ = {isa = PBXFileReference; lastKnownFileType = folder.assetcatalog; path = Assets.xcassets; sourceTree = "<group>"; };
		8BCCE29C1F845BC500440D03 /* Base */ = {isa = PBXFileReference; lastKnownFileType = file.storyboard; name = Base; path = Base.lproj/LaunchScreen.storyboard; sourceTree = "<group>"; };
		8BCCE29E1F845BC500440D03 /* Info.plist */ = {isa = PBXFileReference; lastKnownFileType = text.plist.xml; path = Info.plist; sourceTree = "<group>"; };
		8BCCE2A31F845BC500440D03 /* Research Matching AppTests.xctest */ = {isa = PBXFileReference; explicitFileType = wrapper.cfbundle; includeInIndex = 0; path = "Research Matching AppTests.xctest"; sourceTree = BUILT_PRODUCTS_DIR; };
		8BCCE2A71F845BC500440D03 /* Research_Matching_AppTests.swift */ = {isa = PBXFileReference; lastKnownFileType = sourcecode.swift; path = Research_Matching_AppTests.swift; sourceTree = "<group>"; };
		8BCCE2A91F845BC500440D03 /* Info.plist */ = {isa = PBXFileReference; lastKnownFileType = text.plist.xml; path = Info.plist; sourceTree = "<group>"; };
		8BCCE2AE1F845BC500440D03 /* Research Matching AppUITests.xctest */ = {isa = PBXFileReference; explicitFileType = wrapper.cfbundle; includeInIndex = 0; path = "Research Matching AppUITests.xctest"; sourceTree = BUILT_PRODUCTS_DIR; };
		8BCCE2B21F845BC500440D03 /* Research_Matching_AppUITests.swift */ = {isa = PBXFileReference; lastKnownFileType = sourcecode.swift; path = Research_Matching_AppUITests.swift; sourceTree = "<group>"; };
		8BCCE2B41F845BC500440D03 /* Info.plist */ = {isa = PBXFileReference; lastKnownFileType = text.plist.xml; path = Info.plist; sourceTree = "<group>"; };
/* End PBXFileReference section */

/* Begin PBXFrameworksBuildPhase section */
		8BCCE28C1F845BC500440D03 /* Frameworks */ = {
			isa = PBXFrameworksBuildPhase;
			buildActionMask = 2147483647;
			files = (
			);
			runOnlyForDeploymentPostprocessing = 0;
		};
		8BCCE2A01F845BC500440D03 /* Frameworks */ = {
			isa = PBXFrameworksBuildPhase;
			buildActionMask = 2147483647;
			files = (
			);
			runOnlyForDeploymentPostprocessing = 0;
		};
		8BCCE2AB1F845BC500440D03 /* Frameworks */ = {
			isa = PBXFrameworksBuildPhase;
			buildActionMask = 2147483647;
			files = (
			);
			runOnlyForDeploymentPostprocessing = 0;
		};
/* End PBXFrameworksBuildPhase section */

/* Begin PBXGroup section */
		8B7E634B1F8462730085A555 /* Image Assets */ = {
			isa = PBXGroup;
			children = (
				8B7E63511F8477C60085A555 /* PIPER_Logo_PS.png */,
				8B7E63501F8473C40085A555 /* temp_Logo.png */,
				8B7E634F1F846E690085A555 /* temp_background.jpg */,
				8B7E634C1F8462BE0085A555 /* PIPER_Logo.png */,
			);
			path = "Image Assets";
			sourceTree = "<group>";
		};
		8B7E634E1F8469E30085A555 /* Controller */ = {
			isa = PBXGroup;
			children = (
				8BCCE2941F845BC500440D03 /* ViewController.swift */,
			);
			path = Controller;
			sourceTree = "<group>";
		};
		8BCCE2861F845BC500440D03 = {
			isa = PBXGroup;
			children = (
				8BCCE2911F845BC500440D03 /* Research Matching App */,
				8BCCE2A61F845BC500440D03 /* Research Matching AppTests */,
				8BCCE2B11F845BC500440D03 /* Research Matching AppUITests */,
				8BCCE2901F845BC500440D03 /* Products */,
			);
			sourceTree = "<group>";
		};
		8BCCE2901F845BC500440D03 /* Products */ = {
			isa = PBXGroup;
			children = (
				8BCCE28F1F845BC500440D03 /* Research Matching App.app */,
				8BCCE2A31F845BC500440D03 /* Research Matching AppTests.xctest */,
				8BCCE2AE1F845BC500440D03 /* Research Matching AppUITests.xctest */,
			);
			name = Products;
			sourceTree = "<group>";
		};
		8BCCE2911F845BC500440D03 /* Research Matching App */ = {
			isa = PBXGroup;
			children = (
				8B7E634E1F8469E30085A555 /* Controller */,
				8B7E634B1F8462730085A555 /* Image Assets */,
				8BCCE2921F845BC500440D03 /* AppDelegate.swift */,
				8BCCE29B1F845BC500440D03 /* LaunchScreen.storyboard */,
				8BCCE2961F845BC500440D03 /* Main.storyboard */,
				8BCCE2991F845BC500440D03 /* Assets.xcassets */,
				8BCCE29E1F845BC500440D03 /* Info.plist */,
			);
			path = "Research Matching App";
			sourceTree = "<group>";
		};
		8BCCE2A61F845BC500440D03 /* Research Matching AppTests */ = {
			isa = PBXGroup;
			children = (
				8BCCE2A71F845BC500440D03 /* Research_Matching_AppTests.swift */,
				8BCCE2A91F845BC500440D03 /* Info.plist */,
			);
			path = "Research Matching AppTests";
			sourceTree = "<group>";
		};
		8BCCE2B11F845BC500440D03 /* Research Matching AppUITests */ = {
			isa = PBXGroup;
			children = (
				8BCCE2B21F845BC500440D03 /* Research_Matching_AppUITests.swift */,
				8BCCE2B41F845BC500440D03 /* Info.plist */,
			);
			path = "Research Matching AppUITests";
			sourceTree = "<group>";
		};
/* End PBXGroup section */

/* Begin PBXNativeTarget section */
		8BCCE28E1F845BC500440D03 /* Research Matching App */ = {
			isa = PBXNativeTarget;
			buildConfigurationList = 8BCCE2B71F845BC500440D03 /* Build configuration list for PBXNativeTarget "Research Matching App" */;
			buildPhases = (
				8BCCE28B1F845BC500440D03 /* Sources */,
				8BCCE28C1F845BC500440D03 /* Frameworks */,
				8BCCE28D1F845BC500440D03 /* Resources */,
			);
			buildRules = (
			);
			dependencies = (
			);
			name = "Research Matching App";
			productName = "Research Matching App";
			productReference = 8BCCE28F1F845BC500440D03 /* Research Matching App.app */;
			productType = "com.apple.product-type.application";
		};
		8BCCE2A21F845BC500440D03 /* Research Matching AppTests */ = {
			isa = PBXNativeTarget;
			buildConfigurationList = 8BCCE2BA1F845BC500440D03 /* Build configuration list for PBXNativeTarget "Research Matching AppTests" */;
			buildPhases = (
				8BCCE29F1F845BC500440D03 /* Sources */,
				8BCCE2A01F845BC500440D03 /* Frameworks */,
				8BCCE2A11F845BC500440D03 /* Resources */,
			);
			buildRules = (
			);
			dependencies = (
				8BCCE2A51F845BC500440D03 /* PBXTargetDependency */,
			);
			name = "Research Matching AppTests";
			productName = "Research Matching AppTests";
			productReference = 8BCCE2A31F845BC500440D03 /* Research Matching AppTests.xctest */;
			productType = "com.apple.product-type.bundle.unit-test";
		};
		8BCCE2AD1F845BC500440D03 /* Research Matching AppUITests */ = {
			isa = PBXNativeTarget;
			buildConfigurationList = 8BCCE2BD1F845BC500440D03 /* Build configuration list for PBXNativeTarget "Research Matching AppUITests" */;
			buildPhases = (
				8BCCE2AA1F845BC500440D03 /* Sources */,
				8BCCE2AB1F845BC500440D03 /* Frameworks */,
				8BCCE2AC1F845BC500440D03 /* Resources */,
			);
			buildRules = (
			);
			dependencies = (
				8BCCE2B01F845BC500440D03 /* PBXTargetDependency */,
			);
			name = "Research Matching AppUITests";
			productName = "Research Matching AppUITests";
			productReference = 8BCCE2AE1F845BC500440D03 /* Research Matching AppUITests.xctest */;
			productType = "com.apple.product-type.bundle.ui-testing";
		};
/* End PBXNativeTarget section */

/* Begin PBXProject section */
		8BCCE2871F845BC500440D03 /* Project object */ = {
			isa = PBXProject;
			attributes = {
				LastSwiftUpdateCheck = 0900;
				LastUpgradeCheck = 0900;
				ORGANIZATIONNAME = "Health-Hawks";
				TargetAttributes = {
					8BCCE28E1F845BC500440D03 = {
						CreatedOnToolsVersion = 9.0;
						ProvisioningStyle = Automatic;
					};
					8BCCE2A21F845BC500440D03 = {
						CreatedOnToolsVersion = 9.0;
						ProvisioningStyle = Automatic;
						TestTargetID = 8BCCE28E1F845BC500440D03;
					};
					8BCCE2AD1F845BC500440D03 = {
						CreatedOnToolsVersion = 9.0;
						ProvisioningStyle = Automatic;
						TestTargetID = 8BCCE28E1F845BC500440D03;
					};
				};
			};
			buildConfigurationList = 8BCCE28A1F845BC500440D03 /* Build configuration list for PBXProject "Research Matching App" */;
			compatibilityVersion = "Xcode 8.0";
			developmentRegion = en;
			hasScannedForEncodings = 0;
			knownRegions = (
				en,
				Base,
			);
			mainGroup = 8BCCE2861F845BC500440D03;
			productRefGroup = 8BCCE2901F845BC500440D03 /* Products */;
			projectDirPath = "";
			projectRoot = "";
			targets = (
				8BCCE28E1F845BC500440D03 /* Research Matching App */,
				8BCCE2A21F845BC500440D03 /* Research Matching AppTests */,
				8BCCE2AD1F845BC500440D03 /* Research Matching AppUITests */,
			);
		};
/* End PBXProject section */

/* Begin PBXResourcesBuildPhase section */
		8BCCE28D1F845BC500440D03 /* Resources */ = {
			isa = PBXResourcesBuildPhase;
			buildActionMask = 2147483647;
			files = (
				8BCCE29D1F845BC500440D03 /* LaunchScreen.storyboard in Resources */,
				8BCCE29A1F845BC500440D03 /* Assets.xcassets in Resources */,
				8BCCE2981F845BC500440D03 /* Main.storyboard in Resources */,
			);
			runOnlyForDeploymentPostprocessing = 0;
		};
		8BCCE2A11F845BC500440D03 /* Resources */ = {
			isa = PBXResourcesBuildPhase;
			buildActionMask = 2147483647;
			files = (
			);
			runOnlyForDeploymentPostprocessing = 0;
		};
		8BCCE2AC1F845BC500440D03 /* Resources */ = {
			isa = PBXResourcesBuildPhase;
			buildActionMask = 2147483647;
			files = (
			);
			runOnlyForDeploymentPostprocessing = 0;
		};
/* End PBXResourcesBuildPhase section */

/* Begin PBXSourcesBuildPhase section */
		8BCCE28B1F845BC500440D03 /* Sources */ = {
			isa = PBXSourcesBuildPhase;
			buildActionMask = 2147483647;
			files = (
				8BCCE2951F845BC500440D03 /* ViewController.swift in Sources */,
				8BCCE2931F845BC500440D03 /* AppDelegate.swift in Sources */,
			);
			runOnlyForDeploymentPostprocessing = 0;
		};
		8BCCE29F1F845BC500440D03 /* Sources */ = {
			isa = PBXSourcesBuildPhase;
			buildActionMask = 2147483647;
			files = (
				8BCCE2A81F845BC500440D03 /* Research_Matching_AppTests.swift in Sources */,
			);
			runOnlyForDeploymentPostprocessing = 0;
		};
		8BCCE2AA1F845BC500440D03 /* Sources */ = {
			isa = PBXSourcesBuildPhase;
			buildActionMask = 2147483647;
			files = (
				8BCCE2B31F845BC500440D03 /* Research_Matching_AppUITests.swift in Sources */,
			);
			runOnlyForDeploymentPostprocessing = 0;
		};
/* End PBXSourcesBuildPhase section */

/* Begin PBXTargetDependency section */
		8BCCE2A51F845BC500440D03 /* PBXTargetDependency */ = {
			isa = PBXTargetDependency;
			target = 8BCCE28E1F845BC500440D03 /* Research Matching App */;
			targetProxy = 8BCCE2A41F845BC500440D03 /* PBXContainerItemProxy */;
		};
		8BCCE2B01F845BC500440D03 /* PBXTargetDependency */ = {
			isa = PBXTargetDependency;
			target = 8BCCE28E1F845BC500440D03 /* Research Matching App */;
			targetProxy = 8BCCE2AF1F845BC500440D03 /* PBXContainerItemProxy */;
		};
/* End PBXTargetDependency section */

/* Begin PBXVariantGroup section */
		8BCCE2961F845BC500440D03 /* Main.storyboard */ = {
			isa = PBXVariantGroup;
			children = (
				8BCCE2971F845BC500440D03 /* Base */,
			);
			name = Main.storyboard;
			sourceTree = "<group>";
		};
		8BCCE29B1F845BC500440D03 /* LaunchScreen.storyboard */ = {
			isa = PBXVariantGroup;
			children = (
				8BCCE29C1F845BC500440D03 /* Base */,
			);
			name = LaunchScreen.storyboard;
			sourceTree = "<group>";
		};
/* End PBXVariantGroup section */

/* Begin XCBuildConfiguration section */
		8BCCE2B51F845BC500440D03 /* Debug */ = {
			isa = XCBuildConfiguration;
			buildSettings = {
				ALWAYS_SEARCH_USER_PATHS = NO;
				CLANG_ANALYZER_NONNULL = YES;
				CLANG_ANALYZER_NUMBER_OBJECT_CONVERSION = YES_AGGRESSIVE;
				CLANG_CXX_LANGUAGE_STANDARD = "gnu++14";
				CLANG_CXX_LIBRARY = "libc++";
				CLANG_ENABLE_MODULES = YES;
				CLANG_ENABLE_OBJC_ARC = YES;
				CLANG_WARN_BLOCK_CAPTURE_AUTORELEASING = YES;
				CLANG_WARN_BOOL_CONVERSION = YES;
				CLANG_WARN_COMMA = YES;
				CLANG_WARN_CONSTANT_CONVERSION = YES;
				CLANG_WARN_DIRECT_OBJC_ISA_USAGE = YES_ERROR;
				CLANG_WARN_DOCUMENTATION_COMMENTS = YES;
				CLANG_WARN_EMPTY_BODY = YES;
				CLANG_WARN_ENUM_CONVERSION = YES;
				CLANG_WARN_INFINITE_RECURSION = YES;
				CLANG_WARN_INT_CONVERSION = YES;
				CLANG_WARN_NON_LITERAL_NULL_CONVERSION = YES;
				CLANG_WARN_OBJC_LITERAL_CONVERSION = YES;
				CLANG_WARN_OBJC_ROOT_CLASS = YES_ERROR;
				CLANG_WARN_RANGE_LOOP_ANALYSIS = YES;
				CLANG_WARN_STRICT_PROTOTYPES = YES;
				CLANG_WARN_SUSPICIOUS_MOVE = YES;
				CLANG_WARN_UNGUARDED_AVAILABILITY = YES_AGGRESSIVE;
				CLANG_WARN_UNREACHABLE_CODE = YES;
				CLANG_WARN__DUPLICATE_METHOD_MATCH = YES;
				CODE_SIGN_IDENTITY = "iPhone Developer";
				COPY_PHASE_STRIP = NO;
				DEBUG_INFORMATION_FORMAT = dwarf;
				ENABLE_STRICT_OBJC_MSGSEND = YES;
				ENABLE_TESTABILITY = YES;
				GCC_C_LANGUAGE_STANDARD = gnu11;
				GCC_DYNAMIC_NO_PIC = NO;
				GCC_NO_COMMON_BLOCKS = YES;
				GCC_OPTIMIZATION_LEVEL = 0;
				GCC_PREPROCESSOR_DEFINITIONS = (
					"DEBUG=1",
					"$(inherited)",
				);
				GCC_WARN_64_TO_32_BIT_CONVERSION = YES;
				GCC_WARN_ABOUT_RETURN_TYPE = YES_ERROR;
				GCC_WARN_UNDECLARED_SELECTOR = YES;
				GCC_WARN_UNINITIALIZED_AUTOS = YES_AGGRESSIVE;
				GCC_WARN_UNUSED_FUNCTION = YES;
				GCC_WARN_UNUSED_VARIABLE = YES;
				IPHONEOS_DEPLOYMENT_TARGET = 11.0;
				MTL_ENABLE_DEBUG_INFO = YES;
				ONLY_ACTIVE_ARCH = YES;
				SDKROOT = iphoneos;
				SWIFT_ACTIVE_COMPILATION_CONDITIONS = DEBUG;
				SWIFT_OPTIMIZATION_LEVEL = "-Onone";
			};
			name = Debug;
		};
		8BCCE2B61F845BC500440D03 /* Release */ = {
			isa = XCBuildConfiguration;
			buildSettings = {
				ALWAYS_SEARCH_USER_PATHS = NO;
				CLANG_ANALYZER_NONNULL = YES;
				CLANG_ANALYZER_NUMBER_OBJECT_CONVERSION = YES_AGGRESSIVE;
				CLANG_CXX_LANGUAGE_STANDARD = "gnu++14";
				CLANG_CXX_LIBRARY = "libc++";
				CLANG_ENABLE_MODULES = YES;
				CLANG_ENABLE_OBJC_ARC = YES;
				CLANG_WARN_BLOCK_CAPTURE_AUTORELEASING = YES;
				CLANG_WARN_BOOL_CONVERSION = YES;
				CLANG_WARN_COMMA = YES;
				CLANG_WARN_CONSTANT_CONVERSION = YES;
				CLANG_WARN_DIRECT_OBJC_ISA_USAGE = YES_ERROR;
				CLANG_WARN_DOCUMENTATION_COMMENTS = YES;
				CLANG_WARN_EMPTY_BODY = YES;
				CLANG_WARN_ENUM_CONVERSION = YES;
				CLANG_WARN_INFINITE_RECURSION = YES;
				CLANG_WARN_INT_CONVERSION = YES;
				CLANG_WARN_NON_LITERAL_NULL_CONVERSION = YES;
				CLANG_WARN_OBJC_LITERAL_CONVERSION = YES;
				CLANG_WARN_OBJC_ROOT_CLASS = YES_ERROR;
				CLANG_WARN_RANGE_LOOP_ANALYSIS = YES;
				CLANG_WARN_STRICT_PROTOTYPES = YES;
				CLANG_WARN_SUSPICIOUS_MOVE = YES;
				CLANG_WARN_UNGUARDED_AVAILABILITY = YES_AGGRESSIVE;
				CLANG_WARN_UNREACHABLE_CODE = YES;
				CLANG_WARN__DUPLICATE_METHOD_MATCH = YES;
				CODE_SIGN_IDENTITY = "iPhone Developer";
				COPY_PHASE_STRIP = NO;
				DEBUG_INFORMATION_FORMAT = "dwarf-with-dsym";
				ENABLE_NS_ASSERTIONS = NO;
				ENABLE_STRICT_OBJC_MSGSEND = YES;
				GCC_C_LANGUAGE_STANDARD = gnu11;
				GCC_NO_COMMON_BLOCKS = YES;
				GCC_WARN_64_TO_32_BIT_CONVERSION = YES;
				GCC_WARN_ABOUT_RETURN_TYPE = YES_ERROR;
				GCC_WARN_UNDECLARED_SELECTOR = YES;
				GCC_WARN_UNINITIALIZED_AUTOS = YES_AGGRESSIVE;
				GCC_WARN_UNUSED_FUNCTION = YES;
				GCC_WARN_UNUSED_VARIABLE = YES;
				IPHONEOS_DEPLOYMENT_TARGET = 11.0;
				MTL_ENABLE_DEBUG_INFO = NO;
				SDKROOT = iphoneos;
				SWIFT_OPTIMIZATION_LEVEL = "-Owholemodule";
				VALIDATE_PRODUCT = YES;
			};
			name = Release;
		};
		8BCCE2B81F845BC500440D03 /* Debug */ = {
			isa = XCBuildConfiguration;
			buildSettings = {
				ASSETCATALOG_COMPILER_APPICON_NAME = AppIcon;
				CODE_SIGN_STYLE = Automatic;
				INFOPLIST_FILE = "Research Matching App/Info.plist";
				LD_RUNPATH_SEARCH_PATHS = "$(inherited) @executable_path/Frameworks";
				PRODUCT_BUNDLE_IDENTIFIER = "HealthHawks.Research-Matching-App";
				PRODUCT_NAME = "$(TARGET_NAME)";
				SWIFT_VERSION = 4.0;
				TARGETED_DEVICE_FAMILY = "1,2";
			};
			name = Debug;
		};
		8BCCE2B91F845BC500440D03 /* Release */ = {
			isa = XCBuildConfiguration;
			buildSettings = {
				ASSETCATALOG_COMPILER_APPICON_NAME = AppIcon;
				CODE_SIGN_STYLE = Automatic;
				INFOPLIST_FILE = "Research Matching App/Info.plist";
				LD_RUNPATH_SEARCH_PATHS = "$(inherited) @executable_path/Frameworks";
				PRODUCT_BUNDLE_IDENTIFIER = "HealthHawks.Research-Matching-App";
				PRODUCT_NAME = "$(TARGET_NAME)";
				SWIFT_VERSION = 4.0;
				TARGETED_DEVICE_FAMILY = "1,2";
			};
			name = Release;
		};
		8BCCE2BB1F845BC500440D03 /* Debug */ = {
			isa = XCBuildConfiguration;
			buildSettings = {
				ALWAYS_EMBED_SWIFT_STANDARD_LIBRARIES = YES;
				BUNDLE_LOADER = "$(TEST_HOST)";
				CODE_SIGN_STYLE = Automatic;
				INFOPLIST_FILE = "Research Matching AppTests/Info.plist";
				LD_RUNPATH_SEARCH_PATHS = "$(inherited) @executable_path/Frameworks @loader_path/Frameworks";
				PRODUCT_BUNDLE_IDENTIFIER = "HealthHawks.Research-Matching-AppTests";
				PRODUCT_NAME = "$(TARGET_NAME)";
				SWIFT_VERSION = 4.0;
				TARGETED_DEVICE_FAMILY = "1,2";
				TEST_HOST = "$(BUILT_PRODUCTS_DIR)/Research Matching App.app/Research Matching App";
			};
			name = Debug;
		};
		8BCCE2BC1F845BC500440D03 /* Release */ = {
			isa = XCBuildConfiguration;
			buildSettings = {
				ALWAYS_EMBED_SWIFT_STANDARD_LIBRARIES = YES;
				BUNDLE_LOADER = "$(TEST_HOST)";
				CODE_SIGN_STYLE = Automatic;
				INFOPLIST_FILE = "Research Matching AppTests/Info.plist";
				LD_RUNPATH_SEARCH_PATHS = "$(inherited) @executable_path/Frameworks @loader_path/Frameworks";
				PRODUCT_BUNDLE_IDENTIFIER = "HealthHawks.Research-Matching-AppTests";
				PRODUCT_NAME = "$(TARGET_NAME)";
				SWIFT_VERSION = 4.0;
				TARGETED_DEVICE_FAMILY = "1,2";
				TEST_HOST = "$(BUILT_PRODUCTS_DIR)/Research Matching App.app/Research Matching App";
			};
			name = Release;
		};
		8BCCE2BE1F845BC500440D03 /* Debug */ = {
			isa = XCBuildConfiguration;
			buildSettings = {
				ALWAYS_EMBED_SWIFT_STANDARD_LIBRARIES = YES;
				CODE_SIGN_STYLE = Automatic;
				INFOPLIST_FILE = "Research Matching AppUITests/Info.plist";
				LD_RUNPATH_SEARCH_PATHS = "$(inherited) @executable_path/Frameworks @loader_path/Frameworks";
				PRODUCT_BUNDLE_IDENTIFIER = "HealthHawks.Research-Matching-AppUITests";
				PRODUCT_NAME = "$(TARGET_NAME)";
				SWIFT_VERSION = 4.0;
				TARGETED_DEVICE_FAMILY = "1,2";
				TEST_TARGET_NAME = "Research Matching App";
			};
			name = Debug;
		};
		8BCCE2BF1F845BC500440D03 /* Release */ = {
			isa = XCBuildConfiguration;
			buildSettings = {
				ALWAYS_EMBED_SWIFT_STANDARD_LIBRARIES = YES;
				CODE_SIGN_STYLE = Automatic;
				INFOPLIST_FILE = "Research Matching AppUITests/Info.plist";
				LD_RUNPATH_SEARCH_PATHS = "$(inherited) @executable_path/Frameworks @loader_path/Frameworks";
				PRODUCT_BUNDLE_IDENTIFIER = "HealthHawks.Research-Matching-AppUITests";
				PRODUCT_NAME = "$(TARGET_NAME)";
				SWIFT_VERSION = 4.0;
				TARGETED_DEVICE_FAMILY = "1,2";
				TEST_TARGET_NAME = "Research Matching App";
			};
			name = Release;
		};
/* End XCBuildConfiguration section */

/* Begin XCConfigurationList section */
		8BCCE28A1F845BC500440D03 /* Build configuration list for PBXProject "Research Matching App" */ = {
			isa = XCConfigurationList;
			buildConfigurations = (
				8BCCE2B51F845BC500440D03 /* Debug */,
				8BCCE2B61F845BC500440D03 /* Release */,
			);
			defaultConfigurationIsVisible = 0;
			defaultConfigurationName = Release;
		};
		8BCCE2B71F845BC500440D03 /* Build configuration list for PBXNativeTarget "Research Matching App" */ = {
			isa = XCConfigurationList;
			buildConfigurations = (
				8BCCE2B81F845BC500440D03 /* Debug */,
				8BCCE2B91F845BC500440D03 /* Release */,
			);
			defaultConfigurationIsVisible = 0;
			defaultConfigurationName = Release;
		};
		8BCCE2BA1F845BC500440D03 /* Build configuration list for PBXNativeTarget "Research Matching AppTests" */ = {
			isa = XCConfigurationList;
			buildConfigurations = (
				8BCCE2BB1F845BC500440D03 /* Debug */,
				8BCCE2BC1F845BC500440D03 /* Release */,
			);
			defaultConfigurationIsVisible = 0;
			defaultConfigurationName = Release;
		};
		8BCCE2BD1F845BC500440D03 /* Build configuration list for PBXNativeTarget "Research Matching AppUITests" */ = {
			isa = XCConfigurationList;
			buildConfigurations = (
				8BCCE2BE1F845BC500440D03 /* Debug */,
				8BCCE2BF1F845BC500440D03 /* Release */,
			);
			defaultConfigurationIsVisible = 0;
			defaultConfigurationName = Release;
		};
/* End XCConfigurationList section */
	};
	rootObject = 8BCCE2871F845BC500440D03 /* Project object */;
}
